// !$*UTF8*$!
{
	archiveVersion = 1;
	classes = {
	};
	objectVersion = 50;
	objects = {

/* Begin PBXBuildFile section */
		CAB74E5E2379CDFB001C492C /* AppDelegate.swift in Sources */ = {isa = PBXBuildFile; fileRef = CAB74E5D2379CDFB001C492C /* AppDelegate.swift */; };
		CAB74E602379CDFB001C492C /* SceneDelegate.swift in Sources */ = {isa = PBXBuildFile; fileRef = CAB74E5F2379CDFB001C492C /* SceneDelegate.swift */; };
		CAB74E622379CDFB001C492C /* ViewController.swift in Sources */ = {isa = PBXBuildFile; fileRef = CAB74E612379CDFB001C492C /* ViewController.swift */; };
		CAB74E652379CDFB001C492C /* Main.storyboard in Resources */ = {isa = PBXBuildFile; fileRef = CAB74E632379CDFB001C492C /* Main.storyboard */; };
		CAB74E682379CDFB001C492C /* _DO.xcdatamodeld in Sources */ = {isa = PBXBuildFile; fileRef = CAB74E662379CDFB001C492C /* _DO.xcdatamodeld */; };
		CAB74E6A2379CE01001C492C /* Assets.xcassets in Resources */ = {isa = PBXBuildFile; fileRef = CAB74E692379CE01001C492C /* Assets.xcassets */; };
		CAB74E6D2379CE01001C492C /* LaunchScreen.storyboard in Resources */ = {isa = PBXBuildFile; fileRef = CAB74E6B2379CE01001C492C /* LaunchScreen.storyboard */; };
		CAB74E782379CE01001C492C /* _DOTests.swift in Sources */ = {isa = PBXBuildFile; fileRef = CAB74E772379CE01001C492C /* _DOTests.swift */; };
		CAB74E832379CE01001C492C /* _DOUITests.swift in Sources */ = {isa = PBXBuildFile; fileRef = CAB74E822379CE01001C492C /* _DOUITests.swift */; };
		CAB74E912379D240001C492C /* AddItemController.swift in Sources */ = {isa = PBXBuildFile; fileRef = CAB74E902379D240001C492C /* AddItemController.swift */; };
/* End PBXBuildFile section */

/* Begin PBXContainerItemProxy section */
		CAB74E742379CE01001C492C /* PBXContainerItemProxy */ = {
			isa = PBXContainerItemProxy;
			containerPortal = CAB74E522379CDFB001C492C /* Project object */;
			proxyType = 1;
			remoteGlobalIDString = CAB74E592379CDFB001C492C;
			remoteInfo = 2DO;
		};
		CAB74E7F2379CE01001C492C /* PBXContainerItemProxy */ = {
			isa = PBXContainerItemProxy;
			containerPortal = CAB74E522379CDFB001C492C /* Project object */;
			proxyType = 1;
			remoteGlobalIDString = CAB74E592379CDFB001C492C;
			remoteInfo = 2DO;
		};
/* End PBXContainerItemProxy section */

/* Begin PBXFileReference section */
		CAB74E5A2379CDFB001C492C /* 2DO.app */ = {isa = PBXFileReference; explicitFileType = wrapper.application; includeInIndex = 0; path = 2DO.app; sourceTree = BUILT_PRODUCTS_DIR; };
		CAB74E5D2379CDFB001C492C /* AppDelegate.swift */ = {isa = PBXFileReference; lastKnownFileType = sourcecode.swift; path = AppDelegate.swift; sourceTree = "<group>"; };
		CAB74E5F2379CDFB001C492C /* SceneDelegate.swift */ = {isa = PBXFileReference; lastKnownFileType = sourcecode.swift; path = SceneDelegate.swift; sourceTree = "<group>"; };
		CAB74E612379CDFB001C492C /* ViewController.swift */ = {isa = PBXFileReference; lastKnownFileType = sourcecode.swift; path = ViewController.swift; sourceTree = "<group>"; };
		CAB74E642379CDFB001C492C /* Base */ = {isa = PBXFileReference; lastKnownFileType = file.storyboard; name = Base; path = Base.lproj/Main.storyboard; sourceTree = "<group>"; };
		CAB74E672379CDFB001C492C /* _DO.xcdatamodel */ = {isa = PBXFileReference; lastKnownFileType = wrapper.xcdatamodel; path = _DO.xcdatamodel; sourceTree = "<group>"; };
		CAB74E692379CE01001C492C /* Assets.xcassets */ = {isa = PBXFileReference; lastKnownFileType = folder.assetcatalog; path = Assets.xcassets; sourceTree = "<group>"; };
		CAB74E6C2379CE01001C492C /* Base */ = {isa = PBXFileReference; lastKnownFileType = file.storyboard; name = Base; path = Base.lproj/LaunchScreen.storyboard; sourceTree = "<group>"; };
		CAB74E6E2379CE01001C492C /* Info.plist */ = {isa = PBXFileReference; lastKnownFileType = text.plist.xml; path = Info.plist; sourceTree = "<group>"; };
		CAB74E732379CE01001C492C /* 2DOTests.xctest */ = {isa = PBXFileReference; explicitFileType = wrapper.cfbundle; includeInIndex = 0; path = 2DOTests.xctest; sourceTree = BUILT_PRODUCTS_DIR; };
		CAB74E772379CE01001C492C /* _DOTests.swift */ = {isa = PBXFileReference; lastKnownFileType = sourcecode.swift; path = _DOTests.swift; sourceTree = "<group>"; };
		CAB74E792379CE01001C492C /* Info.plist */ = {isa = PBXFileReference; lastKnownFileType = text.plist.xml; path = Info.plist; sourceTree = "<group>"; };
		CAB74E7E2379CE01001C492C /* 2DOUITests.xctest */ = {isa = PBXFileReference; explicitFileType = wrapper.cfbundle; includeInIndex = 0; path = 2DOUITests.xctest; sourceTree = BUILT_PRODUCTS_DIR; };
		CAB74E822379CE01001C492C /* _DOUITests.swift */ = {isa = PBXFileReference; lastKnownFileType = sourcecode.swift; path = _DOUITests.swift; sourceTree = "<group>"; };
		CAB74E842379CE01001C492C /* Info.plist */ = {isa = PBXFileReference; lastKnownFileType = text.plist.xml; path = Info.plist; sourceTree = "<group>"; };
		CAB74E902379D240001C492C /* AddItemController.swift */ = {isa = PBXFileReference; lastKnownFileType = sourcecode.swift; path = AddItemController.swift; sourceTree = "<group>"; };
/* End PBXFileReference section */

/* Begin PBXFrameworksBuildPhase section */
		CAB74E572379CDFB001C492C /* Frameworks */ = {
			isa = PBXFrameworksBuildPhase;
			buildActionMask = 2147483647;
			files = (
			);
			runOnlyForDeploymentPostprocessing = 0;
		};
		CAB74E702379CE01001C492C /* Frameworks */ = {
			isa = PBXFrameworksBuildPhase;
			buildActionMask = 2147483647;
			files = (
			);
			runOnlyForDeploymentPostprocessing = 0;
		};
		CAB74E7B2379CE01001C492C /* Frameworks */ = {
			isa = PBXFrameworksBuildPhase;
			buildActionMask = 2147483647;
			files = (
			);
			runOnlyForDeploymentPostprocessing = 0;
		};
/* End PBXFrameworksBuildPhase section */

/* Begin PBXGroup section */
		CAB74E512379CDFB001C492C = {
			isa = PBXGroup;
			children = (
				CAB74E5C2379CDFB001C492C /* 2DO */,
				CAB74E762379CE01001C492C /* 2DOTests */,
				CAB74E812379CE01001C492C /* 2DOUITests */,
				CAB74E5B2379CDFB001C492C /* Products */,
			);
			sourceTree = "<group>";
		};
		CAB74E5B2379CDFB001C492C /* Products */ = {
			isa = PBXGroup;
			children = (
				CAB74E5A2379CDFB001C492C /* 2DO.app */,
				CAB74E732379CE01001C492C /* 2DOTests.xctest */,
				CAB74E7E2379CE01001C492C /* 2DOUITests.xctest */,
			);
			name = Products;
			sourceTree = "<group>";
		};
		CAB74E5C2379CDFB001C492C /* 2DO */ = {
			isa = PBXGroup;
			children = (
				CAB74E5D2379CDFB001C492C /* AppDelegate.swift */,
				CAB74E5F2379CDFB001C492C /* SceneDelegate.swift */,
				CAB74E612379CDFB001C492C /* ViewController.swift */,
				CAB74E632379CDFB001C492C /* Main.storyboard */,
				CAB74E692379CE01001C492C /* Assets.xcassets */,
				CAB74E6B2379CE01001C492C /* LaunchScreen.storyboard */,
				CAB74E6E2379CE01001C492C /* Info.plist */,
				CAB74E902379D240001C492C /* AddItemController.swift */,
				CAB74E662379CDFB001C492C /* _DO.xcdatamodeld */,
			);
			path = 2DO;
			sourceTree = "<group>";
		};
		CAB74E762379CE01001C492C /* 2DOTests */ = {
			isa = PBXGroup;
			children = (
				CAB74E772379CE01001C492C /* _DOTests.swift */,
				CAB74E792379CE01001C492C /* Info.plist */,
			);
			path = 2DOTests;
			sourceTree = "<group>";
		};
		CAB74E812379CE01001C492C /* 2DOUITests */ = {
			isa = PBXGroup;
			children = (
				CAB74E822379CE01001C492C /* _DOUITests.swift */,
				CAB74E842379CE01001C492C /* Info.plist */,
			);
			path = 2DOUITests;
			sourceTree = "<group>";
		};
/* End PBXGroup section */

/* Begin PBXNativeTarget section */
		CAB74E592379CDFB001C492C /* 2DO */ = {
			isa = PBXNativeTarget;
			buildConfigurationList = CAB74E872379CE01001C492C /* Build configuration list for PBXNativeTarget "2DO" */;
			buildPhases = (
				CAB74E562379CDFB001C492C /* Sources */,
				CAB74E572379CDFB001C492C /* Frameworks */,
				CAB74E582379CDFB001C492C /* Resources */,
			);
			buildRules = (
			);
			dependencies = (
			);
			name = 2DO;
			productName = 2DO;
			productReference = CAB74E5A2379CDFB001C492C /* 2DO.app */;
			productType = "com.apple.product-type.application";
		};
		CAB74E722379CE01001C492C /* 2DOTests */ = {
			isa = PBXNativeTarget;
			buildConfigurationList = CAB74E8A2379CE01001C492C /* Build configuration list for PBXNativeTarget "2DOTests" */;
			buildPhases = (
				CAB74E6F2379CE01001C492C /* Sources */,
				CAB74E702379CE01001C492C /* Frameworks */,
				CAB74E712379CE01001C492C /* Resources */,
			);
			buildRules = (
			);
			dependencies = (
				CAB74E752379CE01001C492C /* PBXTargetDependency */,
			);
			name = 2DOTests;
			productName = 2DOTests;
			productReference = CAB74E732379CE01001C492C /* 2DOTests.xctest */;
			productType = "com.apple.product-type.bundle.unit-test";
		};
		CAB74E7D2379CE01001C492C /* 2DOUITests */ = {
			isa = PBXNativeTarget;
			buildConfigurationList = CAB74E8D2379CE01001C492C /* Build configuration list for PBXNativeTarget "2DOUITests" */;
			buildPhases = (
				CAB74E7A2379CE01001C492C /* Sources */,
				CAB74E7B2379CE01001C492C /* Frameworks */,
				CAB74E7C2379CE01001C492C /* Resources */,
			);
			buildRules = (
			);
			dependencies = (
				CAB74E802379CE01001C492C /* PBXTargetDependency */,
			);
			name = 2DOUITests;
			productName = 2DOUITests;
			productReference = CAB74E7E2379CE01001C492C /* 2DOUITests.xctest */;
			productType = "com.apple.product-type.bundle.ui-testing";
		};
/* End PBXNativeTarget section */

/* Begin PBXProject section */
		CAB74E522379CDFB001C492C /* Project object */ = {
			isa = PBXProject;
			attributes = {
				LastSwiftUpdateCheck = 1110;
				LastUpgradeCheck = 1110;
				ORGANIZATIONNAME = "Adam Tretera";
				TargetAttributes = {
					CAB74E592379CDFB001C492C = {
						CreatedOnToolsVersion = 11.1;
					};
					CAB74E722379CE01001C492C = {
						CreatedOnToolsVersion = 11.1;
						TestTargetID = CAB74E592379CDFB001C492C;
					};
					CAB74E7D2379CE01001C492C = {
						CreatedOnToolsVersion = 11.1;
						TestTargetID = CAB74E592379CDFB001C492C;
					};
				};
			};
			buildConfigurationList = CAB74E552379CDFB001C492C /* Build configuration list for PBXProject "2DO" */;
			compatibilityVersion = "Xcode 9.3";
			developmentRegion = en;
			hasScannedForEncodings = 0;
			knownRegions = (
				en,
				Base,
			);
			mainGroup = CAB74E512379CDFB001C492C;
			productRefGroup = CAB74E5B2379CDFB001C492C /* Products */;
			projectDirPath = "";
			projectRoot = "";
			targets = (
				CAB74E592379CDFB001C492C /* 2DO */,
				CAB74E722379CE01001C492C /* 2DOTests */,
				CAB74E7D2379CE01001C492C /* 2DOUITests */,
			);
		};
/* End PBXProject section */

/* Begin PBXResourcesBuildPhase section */
		CAB74E582379CDFB001C492C /* Resources */ = {
			isa = PBXResourcesBuildPhase;
			buildActionMask = 2147483647;
			files = (
				CAB74E6D2379CE01001C492C /* LaunchScreen.storyboard in Resources */,
				CAB74E6A2379CE01001C492C /* Assets.xcassets in Resources */,
				CAB74E652379CDFB001C492C /* Main.storyboard in Resources */,
			);
			runOnlyForDeploymentPostprocessing = 0;
		};
		CAB74E712379CE01001C492C /* Resources */ = {
			isa = PBXResourcesBuildPhase;
			buildActionMask = 2147483647;
			files = (
			);
			runOnlyForDeploymentPostprocessing = 0;
		};
		CAB74E7C2379CE01001C492C /* Resources */ = {
			isa = PBXResourcesBuildPhase;
			buildActionMask = 2147483647;
			files = (
			);
			runOnlyForDeploymentPostprocessing = 0;
		};
/* End PBXResourcesBuildPhase section */

/* Begin PBXSourcesBuildPhase section */
		CAB74E562379CDFB001C492C /* Sources */ = {
			isa = PBXSourcesBuildPhase;
			buildActionMask = 2147483647;
			files = (
				CAB74E912379D240001C492C /* AddItemController.swift in Sources */,
				CAB74E622379CDFB001C492C /* ViewController.swift in Sources */,
				CAB74E5E2379CDFB001C492C /* AppDelegate.swift in Sources */,
				CAB74E682379CDFB001C492C /* _DO.xcdatamodeld in Sources */,
				CAB74E602379CDFB001C492C /* SceneDelegate.swift in Sources */,
			);
			runOnlyForDeploymentPostprocessing = 0;
		};
		CAB74E6F2379CE01001C492C /* Sources */ = {
			isa = PBXSourcesBuildPhase;
			buildActionMask = 2147483647;
			files = (
				CAB74E782379CE01001C492C /* _DOTests.swift in Sources */,
			);
			runOnlyForDeploymentPostprocessing = 0;
		};
		CAB74E7A2379CE01001C492C /* Sources */ = {
			isa = PBXSourcesBuildPhase;
			buildActionMask = 2147483647;
			files = (
				CAB74E832379CE01001C492C /* _DOUITests.swift in Sources */,
			);
			runOnlyForDeploymentPostprocessing = 0;
		};
/* End PBXSourcesBuildPhase section */

/* Begin PBXTargetDependency section */
		CAB74E752379CE01001C492C /* PBXTargetDependency */ = {
			isa = PBXTargetDependency;
			target = CAB74E592379CDFB001C492C /* 2DO */;
			targetProxy = CAB74E742379CE01001C492C /* PBXContainerItemProxy */;
		};
		CAB74E802379CE01001C492C /* PBXTargetDependency */ = {
			isa = PBXTargetDependency;
			target = CAB74E592379CDFB001C492C /* 2DO */;
			targetProxy = CAB74E7F2379CE01001C492C /* PBXContainerItemProxy */;
		};
/* End PBXTargetDependency section */

/* Begin PBXVariantGroup section */
		CAB74E632379CDFB001C492C /* Main.storyboard */ = {
			isa = PBXVariantGroup;
			children = (
				CAB74E642379CDFB001C492C /* Base */,
			);
			name = Main.storyboard;
			sourceTree = "<group>";
		};
		CAB74E6B2379CE01001C492C /* LaunchScreen.storyboard */ = {
			isa = PBXVariantGroup;
			children = (
				CAB74E6C2379CE01001C492C /* Base */,
			);
			name = LaunchScreen.storyboard;
			sourceTree = "<group>";
		};
/* End PBXVariantGroup section */

/* Begin XCBuildConfiguration section */
		CAB74E852379CE01001C492C /* Debug */ = {
			isa = XCBuildConfiguration;
			buildSettings = {
				ALWAYS_SEARCH_USER_PATHS = NO;
				CLANG_ANALYZER_NONNULL = YES;
				CLANG_ANALYZER_NUMBER_OBJECT_CONVERSION = YES_AGGRESSIVE;
				CLANG_CXX_LANGUAGE_STANDARD = "gnu++14";
				CLANG_CXX_LIBRARY = "libc++";
				CLANG_ENABLE_MODULES = YES;
				CLANG_ENABLE_OBJC_ARC = YES;
				CLANG_ENABLE_OBJC_WEAK = YES;
				CLANG_WARN_BLOCK_CAPTURE_AUTORELEASING = YES;
				CLANG_WARN_BOOL_CONVERSION = YES;
				CLANG_WARN_COMMA = YES;
				CLANG_WARN_CONSTANT_CONVERSION = YES;
				CLANG_WARN_DEPRECATED_OBJC_IMPLEMENTATIONS = YES;
				CLANG_WARN_DIRECT_OBJC_ISA_USAGE = YES_ERROR;
				CLANG_WARN_DOCUMENTATION_COMMENTS = YES;
				CLANG_WARN_EMPTY_BODY = YES;
				CLANG_WARN_ENUM_CONVERSION = YES;
				CLANG_WARN_INFINITE_RECURSION = YES;
				CLANG_WARN_INT_CONVERSION = YES;
				CLANG_WARN_NON_LITERAL_NULL_CONVERSION = YES;
				CLANG_WARN_OBJC_IMPLICIT_RETAIN_SELF = YES;
				CLANG_WARN_OBJC_LITERAL_CONVERSION = YES;
				CLANG_WARN_OBJC_ROOT_CLASS = YES_ERROR;
				CLANG_WARN_RANGE_LOOP_ANALYSIS = YES;
				CLANG_WARN_STRICT_PROTOTYPES = YES;
				CLANG_WARN_SUSPICIOUS_MOVE = YES;
				CLANG_WARN_UNGUARDED_AVAILABILITY = YES_AGGRESSIVE;
				CLANG_WARN_UNREACHABLE_CODE = YES;
				CLANG_WARN__DUPLICATE_METHOD_MATCH = YES;
				COPY_PHASE_STRIP = NO;
				DEBUG_INFORMATION_FORMAT = dwarf;
				ENABLE_STRICT_OBJC_MSGSEND = YES;
				ENABLE_TESTABILITY = YES;
				GCC_C_LANGUAGE_STANDARD = gnu11;
				GCC_DYNAMIC_NO_PIC = NO;
				GCC_NO_COMMON_BLOCKS = YES;
				GCC_OPTIMIZATION_LEVEL = 0;
				GCC_PREPROCESSOR_DEFINITIONS = (
					"DEBUG=1",
					"$(inherited)",
				);
				GCC_WARN_64_TO_32_BIT_CONVERSION = YES;
				GCC_WARN_ABOUT_RETURN_TYPE = YES_ERROR;
				GCC_WARN_UNDECLARED_SELECTOR = YES;
				GCC_WARN_UNINITIALIZED_AUTOS = YES_AGGRESSIVE;
				GCC_WARN_UNUSED_FUNCTION = YES;
				GCC_WARN_UNUSED_VARIABLE = YES;
				IPHONEOS_DEPLOYMENT_TARGET = 13.1;
				MTL_ENABLE_DEBUG_INFO = INCLUDE_SOURCE;
				MTL_FAST_MATH = YES;
				ONLY_ACTIVE_ARCH = YES;
				SDKROOT = iphoneos;
				SWIFT_ACTIVE_COMPILATION_CONDITIONS = DEBUG;
				SWIFT_OPTIMIZATION_LEVEL = "-Onone";
			};
			name = Debug;
		};
		CAB74E862379CE01001C492C /* Release */ = {
			isa = XCBuildConfiguration;
			buildSettings = {
				ALWAYS_SEARCH_USER_PATHS = NO;
				CLANG_ANALYZER_NONNULL = YES;
				CLANG_ANALYZER_NUMBER_OBJECT_CONVERSION = YES_AGGRESSIVE;
				CLANG_CXX_LANGUAGE_STANDARD = "gnu++14";
				CLANG_CXX_LIBRARY = "libc++";
				CLANG_ENABLE_MODULES = YES;
				CLANG_ENABLE_OBJC_ARC = YES;
				CLANG_ENABLE_OBJC_WEAK = YES;
				CLANG_WARN_BLOCK_CAPTURE_AUTORELEASING = YES;
				CLANG_WARN_BOOL_CONVERSION = YES;
				CLANG_WARN_COMMA = YES;
				CLANG_WARN_CONSTANT_CONVERSION = YES;
				CLANG_WARN_DEPRECATED_OBJC_IMPLEMENTATIONS = YES;
				CLANG_WARN_DIRECT_OBJC_ISA_USAGE = YES_ERROR;
				CLANG_WARN_DOCUMENTATION_COMMENTS = YES;
				CLANG_WARN_EMPTY_BODY = YES;
				CLANG_WARN_ENUM_CONVERSION = YES;
				CLANG_WARN_INFINITE_RECURSION = YES;
				CLANG_WARN_INT_CONVERSION = YES;
				CLANG_WARN_NON_LITERAL_NULL_CONVERSION = YES;
				CLANG_WARN_OBJC_IMPLICIT_RETAIN_SELF = YES;
				CLANG_WARN_OBJC_LITERAL_CONVERSION = YES;
				CLANG_WARN_OBJC_ROOT_CLASS = YES_ERROR;
				CLANG_WARN_RANGE_LOOP_ANALYSIS = YES;
				CLANG_WARN_STRICT_PROTOTYPES = YES;
				CLANG_WARN_SUSPICIOUS_MOVE = YES;
				CLANG_WARN_UNGUARDED_AVAILABILITY = YES_AGGRESSIVE;
				CLANG_WARN_UNREACHABLE_CODE = YES;
				CLANG_WARN__DUPLICATE_METHOD_MATCH = YES;
				COPY_PHASE_STRIP = NO;
				DEBUG_INFORMATION_FORMAT = "dwarf-with-dsym";
				ENABLE_NS_ASSERTIONS = NO;
				ENABLE_STRICT_OBJC_MSGSEND = YES;
				GCC_C_LANGUAGE_STANDARD = gnu11;
				GCC_NO_COMMON_BLOCKS = YES;
				GCC_WARN_64_TO_32_BIT_CONVERSION = YES;
				GCC_WARN_ABOUT_RETURN_TYPE = YES_ERROR;
				GCC_WARN_UNDECLARED_SELECTOR = YES;
				GCC_WARN_UNINITIALIZED_AUTOS = YES_AGGRESSIVE;
				GCC_WARN_UNUSED_FUNCTION = YES;
				GCC_WARN_UNUSED_VARIABLE = YES;
				IPHONEOS_DEPLOYMENT_TARGET = 13.1;
				MTL_ENABLE_DEBUG_INFO = NO;
				MTL_FAST_MATH = YES;
				SDKROOT = iphoneos;
				SWIFT_COMPILATION_MODE = wholemodule;
				SWIFT_OPTIMIZATION_LEVEL = "-O";
				VALIDATE_PRODUCT = YES;
			};
			name = Release;
		};
		CAB74E882379CE01001C492C /* Debug */ = {
			isa = XCBuildConfiguration;
			buildSettings = {
				ASSETCATALOG_COMPILER_APPICON_NAME = AppIcon;
				CODE_SIGN_STYLE = Automatic;
				INFOPLIST_FILE = 2DO/Info.plist;
				LD_RUNPATH_SEARCH_PATHS = (
					"$(inherited)",
					"@executable_path/Frameworks",
				);
				PRODUCT_BUNDLE_IDENTIFIER = "com.AdamTretera.-DO";
				PRODUCT_NAME = "$(TARGET_NAME)";
				SWIFT_VERSION = 5.0;
				TARGETED_DEVICE_FAMILY = "1,2";
			};
			name = Debug;
		};
		CAB74E892379CE01001C492C /* Release */ = {
			isa = XCBuildConfiguration;
			buildSettings = {
				ASSETCATALOG_COMPILER_APPICON_NAME = AppIcon;
				CODE_SIGN_STYLE = Automatic;
				INFOPLIST_FILE = 2DO/Info.plist;
				LD_RUNPATH_SEARCH_PATHS = (
					"$(inherited)",
					"@executable_path/Frameworks",
				);
				PRODUCT_BUNDLE_IDENTIFIER = "com.AdamTretera.-DO";
				PRODUCT_NAME = "$(TARGET_NAME)";
				SWIFT_VERSION = 5.0;
				TARGETED_DEVICE_FAMILY = "1,2";
			};
			name = Release;
		};
		CAB74E8B2379CE01001C492C /* Debug */ = {
			isa = XCBuildConfiguration;
			buildSettings = {
				ALWAYS_EMBED_SWIFT_STANDARD_LIBRARIES = YES;
				BUNDLE_LOADER = "$(TEST_HOST)";
				CODE_SIGN_STYLE = Automatic;
				INFOPLIST_FILE = 2DOTests/Info.plist;
				IPHONEOS_DEPLOYMENT_TARGET = 13.1;
				LD_RUNPATH_SEARCH_PATHS = (
					"$(inherited)",
					"@executable_path/Frameworks",
					"@loader_path/Frameworks",
				);
				PRODUCT_BUNDLE_IDENTIFIER = "com.AdamTretera.-DOTests";
				PRODUCT_NAME = "$(TARGET_NAME)";
				SWIFT_VERSION = 5.0;
				TARGETED_DEVICE_FAMILY = "1,2";
				TEST_HOST = "$(BUILT_PRODUCTS_DIR)/2DO.app/2DO";
			};
			name = Debug;
		};
		CAB74E8C2379CE01001C492C /* Release */ = {
			isa = XCBuildConfiguration;
			buildSettings = {
				ALWAYS_EMBED_SWIFT_STANDARD_LIBRARIES = YES;
				BUNDLE_LOADER = "$(TEST_HOST)";
				CODE_SIGN_STYLE = Automatic;
				INFOPLIST_FILE = 2DOTests/Info.plist;
				IPHONEOS_DEPLOYMENT_TARGET = 13.1;
				LD_RUNPATH_SEARCH_PATHS = (
					"$(inherited)",
					"@executable_path/Frameworks",
					"@loader_path/Frameworks",
				);
				PRODUCT_BUNDLE_IDENTIFIER = "com.AdamTretera.-DOTests";
				PRODUCT_NAME = "$(TARGET_NAME)";
				SWIFT_VERSION = 5.0;
				TARGETED_DEVICE_FAMILY = "1,2";
				TEST_HOST = "$(BUILT_PRODUCTS_DIR)/2DO.app/2DO";
			};
			name = Release;
		};
		CAB74E8E2379CE01001C492C /* Debug */ = {
			isa = XCBuildConfiguration;
			buildSettings = {
				ALWAYS_EMBED_SWIFT_STANDARD_LIBRARIES = YES;
				CODE_SIGN_STYLE = Automatic;
				INFOPLIST_FILE = 2DOUITests/Info.plist;
				LD_RUNPATH_SEARCH_PATHS = (
					"$(inherited)",
					"@executable_path/Frameworks",
					"@loader_path/Frameworks",
				);
				PRODUCT_BUNDLE_IDENTIFIER = "com.AdamTretera.-DOUITests";
				PRODUCT_NAME = "$(TARGET_NAME)";
				SWIFT_VERSION = 5.0;
				TARGETED_DEVICE_FAMILY = "1,2";
				TEST_TARGET_NAME = 2DO;
			};
			name = Debug;
		};
		CAB74E8F2379CE01001C492C /* Release */ = {
			isa = XCBuildConfiguration;
			buildSettings = {
				ALWAYS_EMBED_SWIFT_STANDARD_LIBRARIES = YES;
				CODE_SIGN_STYLE = Automatic;
				INFOPLIST_FILE = 2DOUITests/Info.plist;
				LD_RUNPATH_SEARCH_PATHS = (
					"$(inherited)",
					"@executable_path/Frameworks",
					"@loader_path/Frameworks",
				);
				PRODUCT_BUNDLE_IDENTIFIER = "com.AdamTretera.-DOUITests";
				PRODUCT_NAME = "$(TARGET_NAME)";
				SWIFT_VERSION = 5.0;
				TARGETED_DEVICE_FAMILY = "1,2";
				TEST_TARGET_NAME = 2DO;
			};
			name = Release;
		};
/* End XCBuildConfiguration section */

/* Begin XCConfigurationList section */
		CAB74E552379CDFB001C492C /* Build configuration list for PBXProject "2DO" */ = {
			isa = XCConfigurationList;
			buildConfigurations = (
				CAB74E852379CE01001C492C /* Debug */,
				CAB74E862379CE01001C492C /* Release */,
			);
			defaultConfigurationIsVisible = 0;
			defaultConfigurationName = Release;
		};
		CAB74E872379CE01001C492C /* Build configuration list for PBXNativeTarget "2DO" */ = {
			isa = XCConfigurationList;
			buildConfigurations = (
				CAB74E882379CE01001C492C /* Debug */,
				CAB74E892379CE01001C492C /* Release */,
			);
			defaultConfigurationIsVisible = 0;
			defaultConfigurationName = Release;
		};
		CAB74E8A2379CE01001C492C /* Build configuration list for PBXNativeTarget "2DOTests" */ = {
			isa = XCConfigurationList;
			buildConfigurations = (
				CAB74E8B2379CE01001C492C /* Debug */,
				CAB74E8C2379CE01001C492C /* Release */,
			);
			defaultConfigurationIsVisible = 0;
			defaultConfigurationName = Release;
		};
		CAB74E8D2379CE01001C492C /* Build configuration list for PBXNativeTarget "2DOUITests" */ = {
			isa = XCConfigurationList;
			buildConfigurations = (
				CAB74E8E2379CE01001C492C /* Debug */,
				CAB74E8F2379CE01001C492C /* Release */,
			);
			defaultConfigurationIsVisible = 0;
			defaultConfigurationName = Release;
		};
/* End XCConfigurationList section */

/* Begin XCVersionGroup section */
		CAB74E662379CDFB001C492C /* _DO.xcdatamodeld */ = {
			isa = XCVersionGroup;
			children = (
				CAB74E672379CDFB001C492C /* _DO.xcdatamodel */,
			);
			currentVersion = CAB74E672379CDFB001C492C /* _DO.xcdatamodel */;
			path = _DO.xcdatamodeld;
			sourceTree = "<group>";
			versionGroupType = wrapper.xcdatamodel;
		};
/* End XCVersionGroup section */
	};
	rootObject = CAB74E522379CDFB001C492C /* Project object */;
}
