// !$*UTF8*$!
{
	archiveVersion = 1;
	classes = {
	};
	objectVersion = 50;
	objects = {

/* Begin PBXBuildFile section */
		CA20769A23951FE2001A112B /* AppDelegate.swift in Sources */ = {isa = PBXBuildFile; fileRef = CA20769923951FE2001A112B /* AppDelegate.swift */; };
		CA20769C23951FE2001A112B /* SceneDelegate.swift in Sources */ = {isa = PBXBuildFile; fileRef = CA20769B23951FE2001A112B /* SceneDelegate.swift */; };
		CA20769E23951FE2001A112B /* ViewController.swift in Sources */ = {isa = PBXBuildFile; fileRef = CA20769D23951FE2001A112B /* ViewController.swift */; };
		CA2076A123951FE2001A112B /* Main.storyboard in Resources */ = {isa = PBXBuildFile; fileRef = CA20769F23951FE2001A112B /* Main.storyboard */; };
		CA2076A423951FE2001A112B /* TodoList.xcdatamodeld in Sources */ = {isa = PBXBuildFile; fileRef = CA2076A223951FE2001A112B /* TodoList.xcdatamodeld */; };
		CA2076A623951FE5001A112B /* Assets.xcassets in Resources */ = {isa = PBXBuildFile; fileRef = CA2076A523951FE5001A112B /* Assets.xcassets */; };
		CA2076A923951FE5001A112B /* LaunchScreen.storyboard in Resources */ = {isa = PBXBuildFile; fileRef = CA2076A723951FE5001A112B /* LaunchScreen.storyboard */; };
		CA2076B423951FE5001A112B /* TodoListTests.swift in Sources */ = {isa = PBXBuildFile; fileRef = CA2076B323951FE5001A112B /* TodoListTests.swift */; };
		CA2076BF23951FE5001A112B /* TodoListUITests.swift in Sources */ = {isa = PBXBuildFile; fileRef = CA2076BE23951FE5001A112B /* TodoListUITests.swift */; };
		CA3840BA23958854003A11E0 /* Logic.swift in Sources */ = {isa = PBXBuildFile; fileRef = CA3840B923958854003A11E0 /* Logic.swift */; };
		CA3840BE2396999D003A11E0 /* AddTaskViewController.swift in Sources */ = {isa = PBXBuildFile; fileRef = CA3840BD2396999D003A11E0 /* AddTaskViewController.swift */; };
		CA3840C22397D6C7003A11E0 /* TableViewCell.swift in Sources */ = {isa = PBXBuildFile; fileRef = CA3840C12397D6C7003A11E0 /* TableViewCell.swift */; };
		CA3840CE239A7938003A11E0 /* DescriptionController.swift in Sources */ = {isa = PBXBuildFile; fileRef = CA3840CD239A7938003A11E0 /* DescriptionController.swift */; };
/* End PBXBuildFile section */

/* Begin PBXContainerItemProxy section */
		CA2076B023951FE5001A112B /* PBXContainerItemProxy */ = {
			isa = PBXContainerItemProxy;
			containerPortal = CA20768E23951FE2001A112B /* Project object */;
			proxyType = 1;
			remoteGlobalIDString = CA20769523951FE2001A112B;
			remoteInfo = TodoList;
		};
		CA2076BB23951FE5001A112B /* PBXContainerItemProxy */ = {
			isa = PBXContainerItemProxy;
			containerPortal = CA20768E23951FE2001A112B /* Project object */;
			proxyType = 1;
			remoteGlobalIDString = CA20769523951FE2001A112B;
			remoteInfo = TodoList;
		};
/* End PBXContainerItemProxy section */

/* Begin PBXFileReference section */
		CA20769623951FE2001A112B /* TodoList.app */ = {isa = PBXFileReference; explicitFileType = wrapper.application; includeInIndex = 0; path = TodoList.app; sourceTree = BUILT_PRODUCTS_DIR; };
		CA20769923951FE2001A112B /* AppDelegate.swift */ = {isa = PBXFileReference; lastKnownFileType = sourcecode.swift; path = AppDelegate.swift; sourceTree = "<group>"; };
		CA20769B23951FE2001A112B /* SceneDelegate.swift */ = {isa = PBXFileReference; lastKnownFileType = sourcecode.swift; path = SceneDelegate.swift; sourceTree = "<group>"; };
		CA20769D23951FE2001A112B /* ViewController.swift */ = {isa = PBXFileReference; lastKnownFileType = sourcecode.swift; path = ViewController.swift; sourceTree = "<group>"; };
		CA2076A023951FE2001A112B /* Base */ = {isa = PBXFileReference; lastKnownFileType = file.storyboard; name = Base; path = Base.lproj/Main.storyboard; sourceTree = "<group>"; };
		CA2076A323951FE2001A112B /* TodoList.xcdatamodel */ = {isa = PBXFileReference; lastKnownFileType = wrapper.xcdatamodel; path = TodoList.xcdatamodel; sourceTree = "<group>"; };
		CA2076A523951FE5001A112B /* Assets.xcassets */ = {isa = PBXFileReference; lastKnownFileType = folder.assetcatalog; path = Assets.xcassets; sourceTree = "<group>"; };
		CA2076A823951FE5001A112B /* Base */ = {isa = PBXFileReference; lastKnownFileType = file.storyboard; name = Base; path = Base.lproj/LaunchScreen.storyboard; sourceTree = "<group>"; };
		CA2076AA23951FE5001A112B /* Info.plist */ = {isa = PBXFileReference; lastKnownFileType = text.plist.xml; path = Info.plist; sourceTree = "<group>"; };
		CA2076AF23951FE5001A112B /* TodoListTests.xctest */ = {isa = PBXFileReference; explicitFileType = wrapper.cfbundle; includeInIndex = 0; path = TodoListTests.xctest; sourceTree = BUILT_PRODUCTS_DIR; };
		CA2076B323951FE5001A112B /* TodoListTests.swift */ = {isa = PBXFileReference; lastKnownFileType = sourcecode.swift; path = TodoListTests.swift; sourceTree = "<group>"; };
		CA2076B523951FE5001A112B /* Info.plist */ = {isa = PBXFileReference; lastKnownFileType = text.plist.xml; path = Info.plist; sourceTree = "<group>"; };
		CA2076BA23951FE5001A112B /* TodoListUITests.xctest */ = {isa = PBXFileReference; explicitFileType = wrapper.cfbundle; includeInIndex = 0; path = TodoListUITests.xctest; sourceTree = BUILT_PRODUCTS_DIR; };
		CA2076BE23951FE5001A112B /* TodoListUITests.swift */ = {isa = PBXFileReference; lastKnownFileType = sourcecode.swift; path = TodoListUITests.swift; sourceTree = "<group>"; };
		CA2076C023951FE5001A112B /* Info.plist */ = {isa = PBXFileReference; lastKnownFileType = text.plist.xml; path = Info.plist; sourceTree = "<group>"; };
		CA3840B923958854003A11E0 /* Logic.swift */ = {isa = PBXFileReference; lastKnownFileType = sourcecode.swift; path = Logic.swift; sourceTree = "<group>"; };
		CA3840BD2396999D003A11E0 /* AddTaskViewController.swift */ = {isa = PBXFileReference; lastKnownFileType = sourcecode.swift; path = AddTaskViewController.swift; sourceTree = "<group>"; };
		CA3840C12397D6C7003A11E0 /* TableViewCell.swift */ = {isa = PBXFileReference; lastKnownFileType = sourcecode.swift; path = TableViewCell.swift; sourceTree = "<group>"; };
		CA3840CD239A7938003A11E0 /* DescriptionController.swift */ = {isa = PBXFileReference; lastKnownFileType = sourcecode.swift; path = DescriptionController.swift; sourceTree = "<group>"; };
/* End PBXFileReference section */

/* Begin PBXFrameworksBuildPhase section */
		CA20769323951FE2001A112B /* Frameworks */ = {
			isa = PBXFrameworksBuildPhase;
			buildActionMask = 2147483647;
			files = (
			);
			runOnlyForDeploymentPostprocessing = 0;
		};
		CA2076AC23951FE5001A112B /* Frameworks */ = {
			isa = PBXFrameworksBuildPhase;
			buildActionMask = 2147483647;
			files = (
			);
			runOnlyForDeploymentPostprocessing = 0;
		};
		CA2076B723951FE5001A112B /* Frameworks */ = {
			isa = PBXFrameworksBuildPhase;
			buildActionMask = 2147483647;
			files = (
			);
			runOnlyForDeploymentPostprocessing = 0;
		};
/* End PBXFrameworksBuildPhase section */

/* Begin PBXGroup section */
		CA20768D23951FE2001A112B = {
			isa = PBXGroup;
			children = (
				CA20769823951FE2001A112B /* TodoList */,
				CA2076B223951FE5001A112B /* TodoListTests */,
				CA2076BD23951FE5001A112B /* TodoListUITests */,
				CA20769723951FE2001A112B /* Products */,
			);
			sourceTree = "<group>";
		};
		CA20769723951FE2001A112B /* Products */ = {
			isa = PBXGroup;
			children = (
				CA20769623951FE2001A112B /* TodoList.app */,
				CA2076AF23951FE5001A112B /* TodoListTests.xctest */,
				CA2076BA23951FE5001A112B /* TodoListUITests.xctest */,
			);
			name = Products;
			sourceTree = "<group>";
		};
		CA20769823951FE2001A112B /* TodoList */ = {
			isa = PBXGroup;
			children = (
				CA3840BF2397D670003A11E0 /* Logic */,
				CA20769F23951FE2001A112B /* Main.storyboard */,
				CA20769B23951FE2001A112B /* SceneDelegate.swift */,
				CA2076A523951FE5001A112B /* Assets.xcassets */,
				CA3840C02397D680003A11E0 /* Controlers */,
				CA20769923951FE2001A112B /* AppDelegate.swift */,
				CA2076A723951FE5001A112B /* LaunchScreen.storyboard */,
				CA2076AA23951FE5001A112B /* Info.plist */,
				CA2076A223951FE2001A112B /* TodoList.xcdatamodeld */,
			);
			path = TodoList;
			sourceTree = "<group>";
		};
		CA2076B223951FE5001A112B /* TodoListTests */ = {
			isa = PBXGroup;
			children = (
				CA2076B323951FE5001A112B /* TodoListTests.swift */,
				CA2076B523951FE5001A112B /* Info.plist */,
			);
			path = TodoListTests;
			sourceTree = "<group>";
		};
		CA2076BD23951FE5001A112B /* TodoListUITests */ = {
			isa = PBXGroup;
			children = (
				CA2076BE23951FE5001A112B /* TodoListUITests.swift */,
				CA2076C023951FE5001A112B /* Info.plist */,
			);
			path = TodoListUITests;
			sourceTree = "<group>";
		};
		CA3840BF2397D670003A11E0 /* Logic */ = {
			isa = PBXGroup;
			children = (
				CA3840B923958854003A11E0 /* Logic.swift */,
			);
			path = Logic;
			sourceTree = "<group>";
		};
		CA3840C02397D680003A11E0 /* Controlers */ = {
			isa = PBXGroup;
			children = (
				CA3840BD2396999D003A11E0 /* AddTaskViewController.swift */,
				CA20769D23951FE2001A112B /* ViewController.swift */,
				CA3840C12397D6C7003A11E0 /* TableViewCell.swift */,
				CA3840CD239A7938003A11E0 /* DescriptionController.swift */,
			);
			path = Controlers;
			sourceTree = "<group>";
		};
/* End PBXGroup section */

/* Begin PBXNativeTarget section */
		CA20769523951FE2001A112B /* TodoList */ = {
			isa = PBXNativeTarget;
			buildConfigurationList = CA2076C323951FE5001A112B /* Build configuration list for PBXNativeTarget "TodoList" */;
			buildPhases = (
				CA20769223951FE2001A112B /* Sources */,
				CA20769323951FE2001A112B /* Frameworks */,
				CA20769423951FE2001A112B /* Resources */,
			);
			buildRules = (
			);
			dependencies = (
			);
			name = TodoList;
			productName = TodoList;
			productReference = CA20769623951FE2001A112B /* TodoList.app */;
			productType = "com.apple.product-type.application";
		};
		CA2076AE23951FE5001A112B /* TodoListTests */ = {
			isa = PBXNativeTarget;
			buildConfigurationList = CA2076C623951FE5001A112B /* Build configuration list for PBXNativeTarget "TodoListTests" */;
			buildPhases = (
				CA2076AB23951FE5001A112B /* Sources */,
				CA2076AC23951FE5001A112B /* Frameworks */,
				CA2076AD23951FE5001A112B /* Resources */,
			);
			buildRules = (
			);
			dependencies = (
				CA2076B123951FE5001A112B /* PBXTargetDependency */,
			);
			name = TodoListTests;
			productName = TodoListTests;
			productReference = CA2076AF23951FE5001A112B /* TodoListTests.xctest */;
			productType = "com.apple.product-type.bundle.unit-test";
		};
		CA2076B923951FE5001A112B /* TodoListUITests */ = {
			isa = PBXNativeTarget;
			buildConfigurationList = CA2076C923951FE5001A112B /* Build configuration list for PBXNativeTarget "TodoListUITests" */;
			buildPhases = (
				CA2076B623951FE5001A112B /* Sources */,
				CA2076B723951FE5001A112B /* Frameworks */,
				CA2076B823951FE5001A112B /* Resources */,
			);
			buildRules = (
			);
			dependencies = (
				CA2076BC23951FE5001A112B /* PBXTargetDependency */,
			);
			name = TodoListUITests;
			productName = TodoListUITests;
			productReference = CA2076BA23951FE5001A112B /* TodoListUITests.xctest */;
			productType = "com.apple.product-type.bundle.ui-testing";
		};
/* End PBXNativeTarget section */

/* Begin PBXProject section */
		CA20768E23951FE2001A112B /* Project object */ = {
			isa = PBXProject;
			attributes = {
				LastSwiftUpdateCheck = 1110;
				LastUpgradeCheck = 1110;
				ORGANIZATIONNAME = "Adam Tretera";
				TargetAttributes = {
					CA20769523951FE2001A112B = {
						CreatedOnToolsVersion = 11.1;
					};
					CA2076AE23951FE5001A112B = {
						CreatedOnToolsVersion = 11.1;
						TestTargetID = CA20769523951FE2001A112B;
					};
					CA2076B923951FE5001A112B = {
						CreatedOnToolsVersion = 11.1;
						TestTargetID = CA20769523951FE2001A112B;
					};
				};
			};
			buildConfigurationList = CA20769123951FE2001A112B /* Build configuration list for PBXProject "TodoList" */;
			compatibilityVersion = "Xcode 9.3";
			developmentRegion = en;
			hasScannedForEncodings = 0;
			knownRegions = (
				en,
				Base,
			);
			mainGroup = CA20768D23951FE2001A112B;
			productRefGroup = CA20769723951FE2001A112B /* Products */;
			projectDirPath = "";
			projectRoot = "";
			targets = (
				CA20769523951FE2001A112B /* TodoList */,
				CA2076AE23951FE5001A112B /* TodoListTests */,
				CA2076B923951FE5001A112B /* TodoListUITests */,
			);
		};
/* End PBXProject section */

/* Begin PBXResourcesBuildPhase section */
		CA20769423951FE2001A112B /* Resources */ = {
			isa = PBXResourcesBuildPhase;
			buildActionMask = 2147483647;
			files = (
				CA2076A923951FE5001A112B /* LaunchScreen.storyboard in Resources */,
				CA2076A623951FE5001A112B /* Assets.xcassets in Resources */,
				CA2076A123951FE2001A112B /* Main.storyboard in Resources */,
			);
			runOnlyForDeploymentPostprocessing = 0;
		};
		CA2076AD23951FE5001A112B /* Resources */ = {
			isa = PBXResourcesBuildPhase;
			buildActionMask = 2147483647;
			files = (
			);
			runOnlyForDeploymentPostprocessing = 0;
		};
		CA2076B823951FE5001A112B /* Resources */ = {
			isa = PBXResourcesBuildPhase;
			buildActionMask = 2147483647;
			files = (
			);
			runOnlyForDeploymentPostprocessing = 0;
		};
/* End PBXResourcesBuildPhase section */

/* Begin PBXSourcesBuildPhase section */
		CA20769223951FE2001A112B /* Sources */ = {
			isa = PBXSourcesBuildPhase;
			buildActionMask = 2147483647;
			files = (
				CA20769E23951FE2001A112B /* ViewController.swift in Sources */,
				CA3840BE2396999D003A11E0 /* AddTaskViewController.swift in Sources */,
				CA3840BA23958854003A11E0 /* Logic.swift in Sources */,
				CA20769A23951FE2001A112B /* AppDelegate.swift in Sources */,
				CA20769C23951FE2001A112B /* SceneDelegate.swift in Sources */,
				CA3840C22397D6C7003A11E0 /* TableViewCell.swift in Sources */,
				CA3840CE239A7938003A11E0 /* DescriptionController.swift in Sources */,
				CA2076A423951FE2001A112B /* TodoList.xcdatamodeld in Sources */,
			);
			runOnlyForDeploymentPostprocessing = 0;
		};
		CA2076AB23951FE5001A112B /* Sources */ = {
			isa = PBXSourcesBuildPhase;
			buildActionMask = 2147483647;
			files = (
				CA2076B423951FE5001A112B /* TodoListTests.swift in Sources */,
			);
			runOnlyForDeploymentPostprocessing = 0;
		};
		CA2076B623951FE5001A112B /* Sources */ = {
			isa = PBXSourcesBuildPhase;
			buildActionMask = 2147483647;
			files = (
				CA2076BF23951FE5001A112B /* TodoListUITests.swift in Sources */,
			);
			runOnlyForDeploymentPostprocessing = 0;
		};
/* End PBXSourcesBuildPhase section */

/* Begin PBXTargetDependency section */
		CA2076B123951FE5001A112B /* PBXTargetDependency */ = {
			isa = PBXTargetDependency;
			target = CA20769523951FE2001A112B /* TodoList */;
			targetProxy = CA2076B023951FE5001A112B /* PBXContainerItemProxy */;
		};
		CA2076BC23951FE5001A112B /* PBXTargetDependency */ = {
			isa = PBXTargetDependency;
			target = CA20769523951FE2001A112B /* TodoList */;
			targetProxy = CA2076BB23951FE5001A112B /* PBXContainerItemProxy */;
		};
/* End PBXTargetDependency section */

/* Begin PBXVariantGroup section */
		CA20769F23951FE2001A112B /* Main.storyboard */ = {
			isa = PBXVariantGroup;
			children = (
				CA2076A023951FE2001A112B /* Base */,
			);
			name = Main.storyboard;
			sourceTree = "<group>";
		};
		CA2076A723951FE5001A112B /* LaunchScreen.storyboard */ = {
			isa = PBXVariantGroup;
			children = (
				CA2076A823951FE5001A112B /* Base */,
			);
			name = LaunchScreen.storyboard;
			sourceTree = "<group>";
		};
/* End PBXVariantGroup section */

/* Begin XCBuildConfiguration section */
		CA2076C123951FE5001A112B /* Debug */ = {
			isa = XCBuildConfiguration;
			buildSettings = {
				ALWAYS_SEARCH_USER_PATHS = NO;
				CLANG_ANALYZER_NONNULL = YES;
				CLANG_ANALYZER_NUMBER_OBJECT_CONVERSION = YES_AGGRESSIVE;
				CLANG_CXX_LANGUAGE_STANDARD = "gnu++14";
				CLANG_CXX_LIBRARY = "libc++";
				CLANG_ENABLE_MODULES = YES;
				CLANG_ENABLE_OBJC_ARC = YES;
				CLANG_ENABLE_OBJC_WEAK = YES;
				CLANG_WARN_BLOCK_CAPTURE_AUTORELEASING = YES;
				CLANG_WARN_BOOL_CONVERSION = YES;
				CLANG_WARN_COMMA = YES;
				CLANG_WARN_CONSTANT_CONVERSION = YES;
				CLANG_WARN_DEPRECATED_OBJC_IMPLEMENTATIONS = YES;
				CLANG_WARN_DIRECT_OBJC_ISA_USAGE = YES_ERROR;
				CLANG_WARN_DOCUMENTATION_COMMENTS = YES;
				CLANG_WARN_EMPTY_BODY = YES;
				CLANG_WARN_ENUM_CONVERSION = YES;
				CLANG_WARN_INFINITE_RECURSION = YES;
				CLANG_WARN_INT_CONVERSION = YES;
				CLANG_WARN_NON_LITERAL_NULL_CONVERSION = YES;
				CLANG_WARN_OBJC_IMPLICIT_RETAIN_SELF = YES;
				CLANG_WARN_OBJC_LITERAL_CONVERSION = YES;
				CLANG_WARN_OBJC_ROOT_CLASS = YES_ERROR;
				CLANG_WARN_RANGE_LOOP_ANALYSIS = YES;
				CLANG_WARN_STRICT_PROTOTYPES = YES;
				CLANG_WARN_SUSPICIOUS_MOVE = YES;
				CLANG_WARN_UNGUARDED_AVAILABILITY = YES_AGGRESSIVE;
				CLANG_WARN_UNREACHABLE_CODE = YES;
				CLANG_WARN__DUPLICATE_METHOD_MATCH = YES;
				COPY_PHASE_STRIP = NO;
				DEBUG_INFORMATION_FORMAT = dwarf;
				ENABLE_STRICT_OBJC_MSGSEND = YES;
				ENABLE_TESTABILITY = YES;
				GCC_C_LANGUAGE_STANDARD = gnu11;
				GCC_DYNAMIC_NO_PIC = NO;
				GCC_NO_COMMON_BLOCKS = YES;
				GCC_OPTIMIZATION_LEVEL = 0;
				GCC_PREPROCESSOR_DEFINITIONS = (
					"DEBUG=1",
					"$(inherited)",
				);
				GCC_WARN_64_TO_32_BIT_CONVERSION = YES;
				GCC_WARN_ABOUT_RETURN_TYPE = YES_ERROR;
				GCC_WARN_UNDECLARED_SELECTOR = YES;
				GCC_WARN_UNINITIALIZED_AUTOS = YES_AGGRESSIVE;
				GCC_WARN_UNUSED_FUNCTION = YES;
				GCC_WARN_UNUSED_VARIABLE = YES;
				IPHONEOS_DEPLOYMENT_TARGET = 13.1;
				MTL_ENABLE_DEBUG_INFO = INCLUDE_SOURCE;
				MTL_FAST_MATH = YES;
				ONLY_ACTIVE_ARCH = YES;
				SDKROOT = iphoneos;
				SWIFT_ACTIVE_COMPILATION_CONDITIONS = DEBUG;
				SWIFT_OPTIMIZATION_LEVEL = "-Onone";
			};
			name = Debug;
		};
		CA2076C223951FE5001A112B /* Release */ = {
			isa = XCBuildConfiguration;
			buildSettings = {
				ALWAYS_SEARCH_USER_PATHS = NO;
				CLANG_ANALYZER_NONNULL = YES;
				CLANG_ANALYZER_NUMBER_OBJECT_CONVERSION = YES_AGGRESSIVE;
				CLANG_CXX_LANGUAGE_STANDARD = "gnu++14";
				CLANG_CXX_LIBRARY = "libc++";
				CLANG_ENABLE_MODULES = YES;
				CLANG_ENABLE_OBJC_ARC = YES;
				CLANG_ENABLE_OBJC_WEAK = YES;
				CLANG_WARN_BLOCK_CAPTURE_AUTORELEASING = YES;
				CLANG_WARN_BOOL_CONVERSION = YES;
				CLANG_WARN_COMMA = YES;
				CLANG_WARN_CONSTANT_CONVERSION = YES;
				CLANG_WARN_DEPRECATED_OBJC_IMPLEMENTATIONS = YES;
				CLANG_WARN_DIRECT_OBJC_ISA_USAGE = YES_ERROR;
				CLANG_WARN_DOCUMENTATION_COMMENTS = YES;
				CLANG_WARN_EMPTY_BODY = YES;
				CLANG_WARN_ENUM_CONVERSION = YES;
				CLANG_WARN_INFINITE_RECURSION = YES;
				CLANG_WARN_INT_CONVERSION = YES;
				CLANG_WARN_NON_LITERAL_NULL_CONVERSION = YES;
				CLANG_WARN_OBJC_IMPLICIT_RETAIN_SELF = YES;
				CLANG_WARN_OBJC_LITERAL_CONVERSION = YES;
				CLANG_WARN_OBJC_ROOT_CLASS = YES_ERROR;
				CLANG_WARN_RANGE_LOOP_ANALYSIS = YES;
				CLANG_WARN_STRICT_PROTOTYPES = YES;
				CLANG_WARN_SUSPICIOUS_MOVE = YES;
				CLANG_WARN_UNGUARDED_AVAILABILITY = YES_AGGRESSIVE;
				CLANG_WARN_UNREACHABLE_CODE = YES;
				CLANG_WARN__DUPLICATE_METHOD_MATCH = YES;
				COPY_PHASE_STRIP = NO;
				DEBUG_INFORMATION_FORMAT = "dwarf-with-dsym";
				ENABLE_NS_ASSERTIONS = NO;
				ENABLE_STRICT_OBJC_MSGSEND = YES;
				GCC_C_LANGUAGE_STANDARD = gnu11;
				GCC_NO_COMMON_BLOCKS = YES;
				GCC_WARN_64_TO_32_BIT_CONVERSION = YES;
				GCC_WARN_ABOUT_RETURN_TYPE = YES_ERROR;
				GCC_WARN_UNDECLARED_SELECTOR = YES;
				GCC_WARN_UNINITIALIZED_AUTOS = YES_AGGRESSIVE;
				GCC_WARN_UNUSED_FUNCTION = YES;
				GCC_WARN_UNUSED_VARIABLE = YES;
				IPHONEOS_DEPLOYMENT_TARGET = 13.1;
				MTL_ENABLE_DEBUG_INFO = NO;
				MTL_FAST_MATH = YES;
				SDKROOT = iphoneos;
				SWIFT_COMPILATION_MODE = wholemodule;
				SWIFT_OPTIMIZATION_LEVEL = "-O";
				VALIDATE_PRODUCT = YES;
			};
			name = Release;
		};
		CA2076C423951FE5001A112B /* Debug */ = {
			isa = XCBuildConfiguration;
			buildSettings = {
				ASSETCATALOG_COMPILER_APPICON_NAME = AppIcon;
				CODE_SIGN_STYLE = Automatic;
				INFOPLIST_FILE = TodoList/Info.plist;
				LD_RUNPATH_SEARCH_PATHS = (
					"$(inherited)",
					"@executable_path/Frameworks",
				);
				PRODUCT_BUNDLE_IDENTIFIER = com.AdamTretera.TodoList;
				PRODUCT_NAME = "$(TARGET_NAME)";
				SWIFT_VERSION = 5.0;
				TARGETED_DEVICE_FAMILY = "1,2";
			};
			name = Debug;
		};
		CA2076C523951FE5001A112B /* Release */ = {
			isa = XCBuildConfiguration;
			buildSettings = {
				ASSETCATALOG_COMPILER_APPICON_NAME = AppIcon;
				CODE_SIGN_STYLE = Automatic;
				INFOPLIST_FILE = TodoList/Info.plist;
				LD_RUNPATH_SEARCH_PATHS = (
					"$(inherited)",
					"@executable_path/Frameworks",
				);
				PRODUCT_BUNDLE_IDENTIFIER = com.AdamTretera.TodoList;
				PRODUCT_NAME = "$(TARGET_NAME)";
				SWIFT_VERSION = 5.0;
				TARGETED_DEVICE_FAMILY = "1,2";
			};
			name = Release;
		};
		CA2076C723951FE5001A112B /* Debug */ = {
			isa = XCBuildConfiguration;
			buildSettings = {
				ALWAYS_EMBED_SWIFT_STANDARD_LIBRARIES = YES;
				BUNDLE_LOADER = "$(TEST_HOST)";
				CODE_SIGN_STYLE = Automatic;
				INFOPLIST_FILE = TodoListTests/Info.plist;
				IPHONEOS_DEPLOYMENT_TARGET = 13.1;
				LD_RUNPATH_SEARCH_PATHS = (
					"$(inherited)",
					"@executable_path/Frameworks",
					"@loader_path/Frameworks",
				);
				PRODUCT_BUNDLE_IDENTIFIER = com.AdamTretera.TodoListTests;
				PRODUCT_NAME = "$(TARGET_NAME)";
				SWIFT_VERSION = 5.0;
				TARGETED_DEVICE_FAMILY = "1,2";
				TEST_HOST = "$(BUILT_PRODUCTS_DIR)/TodoList.app/TodoList";
			};
			name = Debug;
		};
		CA2076C823951FE5001A112B /* Release */ = {
			isa = XCBuildConfiguration;
			buildSettings = {
				ALWAYS_EMBED_SWIFT_STANDARD_LIBRARIES = YES;
				BUNDLE_LOADER = "$(TEST_HOST)";
				CODE_SIGN_STYLE = Automatic;
				INFOPLIST_FILE = TodoListTests/Info.plist;
				IPHONEOS_DEPLOYMENT_TARGET = 13.1;
				LD_RUNPATH_SEARCH_PATHS = (
					"$(inherited)",
					"@executable_path/Frameworks",
					"@loader_path/Frameworks",
				);
				PRODUCT_BUNDLE_IDENTIFIER = com.AdamTretera.TodoListTests;
				PRODUCT_NAME = "$(TARGET_NAME)";
				SWIFT_VERSION = 5.0;
				TARGETED_DEVICE_FAMILY = "1,2";
				TEST_HOST = "$(BUILT_PRODUCTS_DIR)/TodoList.app/TodoList";
			};
			name = Release;
		};
		CA2076CA23951FE5001A112B /* Debug */ = {
			isa = XCBuildConfiguration;
			buildSettings = {
				ALWAYS_EMBED_SWIFT_STANDARD_LIBRARIES = YES;
				CODE_SIGN_STYLE = Automatic;
				INFOPLIST_FILE = TodoListUITests/Info.plist;
				LD_RUNPATH_SEARCH_PATHS = (
					"$(inherited)",
					"@executable_path/Frameworks",
					"@loader_path/Frameworks",
				);
				PRODUCT_BUNDLE_IDENTIFIER = com.AdamTretera.TodoListUITests;
				PRODUCT_NAME = "$(TARGET_NAME)";
				SWIFT_VERSION = 5.0;
				TARGETED_DEVICE_FAMILY = "1,2";
				TEST_TARGET_NAME = TodoList;
			};
			name = Debug;
		};
		CA2076CB23951FE5001A112B /* Release */ = {
			isa = XCBuildConfiguration;
			buildSettings = {
				ALWAYS_EMBED_SWIFT_STANDARD_LIBRARIES = YES;
				CODE_SIGN_STYLE = Automatic;
				INFOPLIST_FILE = TodoListUITests/Info.plist;
				LD_RUNPATH_SEARCH_PATHS = (
					"$(inherited)",
					"@executable_path/Frameworks",
					"@loader_path/Frameworks",
				);
				PRODUCT_BUNDLE_IDENTIFIER = com.AdamTretera.TodoListUITests;
				PRODUCT_NAME = "$(TARGET_NAME)";
				SWIFT_VERSION = 5.0;
				TARGETED_DEVICE_FAMILY = "1,2";
				TEST_TARGET_NAME = TodoList;
			};
			name = Release;
		};
/* End XCBuildConfiguration section */

/* Begin XCConfigurationList section */
		CA20769123951FE2001A112B /* Build configuration list for PBXProject "TodoList" */ = {
			isa = XCConfigurationList;
			buildConfigurations = (
				CA2076C123951FE5001A112B /* Debug */,
				CA2076C223951FE5001A112B /* Release */,
			);
			defaultConfigurationIsVisible = 0;
			defaultConfigurationName = Release;
		};
		CA2076C323951FE5001A112B /* Build configuration list for PBXNativeTarget "TodoList" */ = {
			isa = XCConfigurationList;
			buildConfigurations = (
				CA2076C423951FE5001A112B /* Debug */,
				CA2076C523951FE5001A112B /* Release */,
			);
			defaultConfigurationIsVisible = 0;
			defaultConfigurationName = Release;
		};
		CA2076C623951FE5001A112B /* Build configuration list for PBXNativeTarget "TodoListTests" */ = {
			isa = XCConfigurationList;
			buildConfigurations = (
				CA2076C723951FE5001A112B /* Debug */,
				CA2076C823951FE5001A112B /* Release */,
			);
			defaultConfigurationIsVisible = 0;
			defaultConfigurationName = Release;
		};
		CA2076C923951FE5001A112B /* Build configuration list for PBXNativeTarget "TodoListUITests" */ = {
			isa = XCConfigurationList;
			buildConfigurations = (
				CA2076CA23951FE5001A112B /* Debug */,
				CA2076CB23951FE5001A112B /* Release */,
			);
			defaultConfigurationIsVisible = 0;
			defaultConfigurationName = Release;
		};
/* End XCConfigurationList section */

/* Begin XCVersionGroup section */
		CA2076A223951FE2001A112B /* TodoList.xcdatamodeld */ = {
			isa = XCVersionGroup;
			children = (
				CA2076A323951FE2001A112B /* TodoList.xcdatamodel */,
			);
			currentVersion = CA2076A323951FE2001A112B /* TodoList.xcdatamodel */;
			path = TodoList.xcdatamodeld;
			sourceTree = "<group>";
			versionGroupType = wrapper.xcdatamodel;
		};
/* End XCVersionGroup section */
	};
	rootObject = CA20768E23951FE2001A112B /* Project object */;
}
